
Microsoft Visual Studio Solution File, Format Version 12.00
# Visual Studio Version 16
VisualStudioVersion = 16.0.30621.155
MinimumVisualStudioVersion = 10.0.40219.1
Project("{FAE04EC0-301F-11D3-BF4B-00C04F79EFBC}") = "WSIZ_Zajecia", "WSIZ_Zajecia.csproj", "{FE51C7C0-39E8-4189-AD25-553D3FCEFD4C}"
EndProject
Global
	GlobalSection(SolutionConfigurationPlatforms) = preSolution
		Debug|Any CPU = Debug|Any CPU
		Release|Any CPU = Release|Any CPU
	EndGlobalSection
	GlobalSection(ProjectConfigurationPlatforms) = postSolution
		{FE51C7C0-39E8-4189-AD25-553D3FCEFD4C}.Debug|Any CPU.ActiveCfg = Debug|Any CPU
		{FE51C7C0-39E8-4189-AD25-553D3FCEFD4C}.Debug|Any CPU.Build.0 = Debug|Any CPU
		{FE51C7C0-39E8-4189-AD25-553D3FCEFD4C}.Release|Any CPU.ActiveCfg = Release|Any CPU
		{FE51C7C0-39E8-4189-AD25-553D3FCEFD4C}.Release|Any CPU.Build.0 = Release|Any CPU
	EndGlobalSection
	GlobalSection(SolutionProperties) = preSolution
		HideSolutionNode = FALSE
	EndGlobalSection
	GlobalSection(ExtensibilityGlobals) = postSolution
		SolutionGuid = {03B4FB1C-1583-46B6-9BD1-FDEAD4562B1E}
	EndGlobalSection
EndGlobal
